
Microsoft Visual Studio Solution File, Format Version 12.00
# Visual Studio Version 16
VisualStudioVersion = 16.0.30204.135
MinimumVisualStudioVersion = 10.0.40219.1
Project("{9A19103F-16F7-4668-BE54-9A1E7A4F7556}") = "GoodBooks", "GoodBooks\GoodBooks.csproj", "{85876337-7E03-4469-889D-A7E8DDB868CD}"
EndProject
Project("{9A19103F-16F7-4668-BE54-9A1E7A4F7556}") = "GoodBooks.Data", "GoodBooks.Data\GoodBooks.Data.csproj", "{D3A8FCBA-E5A8-4FF7-AC6D-B4B9083A86BD}"
EndProject
Project("{9A19103F-16F7-4668-BE54-9A1E7A4F7556}") = "GoodBooks.Services", "GoodBooks.Services\GoodBooks.Services.csproj", "{1BC13579-82FF-4D29-B0CA-9EC09855297B}"
EndProject
Project("{9A19103F-16F7-4668-BE54-9A1E7A4F7556}") = "GoodBooks.Test", "GoodBooks.Test\GoodBooks.Test.csproj", "{F2633FA5-6A19-43E3-A95B-0A62758DDE3F}"
EndProject
Global
	GlobalSection(SolutionConfigurationPlatforms) = preSolution
		Debug|Any CPU = Debug|Any CPU
		Release|Any CPU = Release|Any CPU
	EndGlobalSection
	GlobalSection(ProjectConfigurationPlatforms) = postSolution
		{85876337-7E03-4469-889D-A7E8DDB868CD}.Debug|Any CPU.ActiveCfg = Debug|Any CPU
		{85876337-7E03-4469-889D-A7E8DDB868CD}.Debug|Any CPU.Build.0 = Debug|Any CPU
		{85876337-7E03-4469-889D-A7E8DDB868CD}.Release|Any CPU.ActiveCfg = Release|Any CPU
		{85876337-7E03-4469-889D-A7E8DDB868CD}.Release|Any CPU.Build.0 = Release|Any CPU
		{D3A8FCBA-E5A8-4FF7-AC6D-B4B9083A86BD}.Debug|Any CPU.ActiveCfg = Debug|Any CPU
		{D3A8FCBA-E5A8-4FF7-AC6D-B4B9083A86BD}.Debug|Any CPU.Build.0 = Debug|Any CPU
		{D3A8FCBA-E5A8-4FF7-AC6D-B4B9083A86BD}.Release|Any CPU.ActiveCfg = Release|Any CPU
		{D3A8FCBA-E5A8-4FF7-AC6D-B4B9083A86BD}.Release|Any CPU.Build.0 = Release|Any CPU
		{1BC13579-82FF-4D29-B0CA-9EC09855297B}.Debug|Any CPU.ActiveCfg = Debug|Any CPU
		{1BC13579-82FF-4D29-B0CA-9EC09855297B}.Debug|Any CPU.Build.0 = Debug|Any CPU
		{1BC13579-82FF-4D29-B0CA-9EC09855297B}.Release|Any CPU.ActiveCfg = Release|Any CPU
		{1BC13579-82FF-4D29-B0CA-9EC09855297B}.Release|Any CPU.Build.0 = Release|Any CPU
		{F2633FA5-6A19-43E3-A95B-0A62758DDE3F}.Debug|Any CPU.ActiveCfg = Debug|Any CPU
		{F2633FA5-6A19-43E3-A95B-0A62758DDE3F}.Debug|Any CPU.Build.0 = Debug|Any CPU
		{F2633FA5-6A19-43E3-A95B-0A62758DDE3F}.Release|Any CPU.ActiveCfg = Release|Any CPU
		{F2633FA5-6A19-43E3-A95B-0A62758DDE3F}.Release|Any CPU.Build.0 = Release|Any CPU
	EndGlobalSection
	GlobalSection(SolutionProperties) = preSolution
		HideSolutionNode = FALSE
	EndGlobalSection
	GlobalSection(ExtensibilityGlobals) = postSolution
		SolutionGuid = {EC4C09D3-05DC-4973-A5B8-088DCC8C0478}
	EndGlobalSection
EndGlobal
